<?xml version="1.0" encoding="utf-8"?>
<Project ToolsVersion="4.0" xmlns="http://schemas.microsoft.com/developer/msbuild/2003">
  <ItemGroup>
    <Filter Include="Исходные файлы">
      <UniqueIdentifier>{4FC737F1-C7A5-4376-A066-2A32D752A2FF}</UniqueIdentifier>
      <Extensions>cpp;c;cc;cxx;c++;cppm;ixx;def;odl;idl;hpj;bat;asm;asmx</Extensions>
    </Filter>
    <Filter Include="Файлы заголовков">
      <UniqueIdentifier>{93995380-89BD-4b04-88EB-625FBE52EBFB}</UniqueIdentifier>
      <Extensions>h;hh;hpp;hxx;h++;hm;inl;inc;ipp;xsd</Extensions>
    </Filter>
    <Filter Include="Файлы ресурсов">
      <UniqueIdentifier>{67DA6AB6-F800-4c08-8B7A-83BB121AAD01}</UniqueIdentifier>
      <Extensions>rc;ico;cur;bmp;dlg;rc2;rct;bin;rgs;gif;jpg;jpeg;jpe;resx;tiff;tif;png;wav;mfcribbon-ms</Extensions>
    </Filter>
  </ItemGroup>
  <ItemGroup>
    <ClCompile Include="..\source\audiolib\TASK_MAN.C">
      <Filter>Исходные файлы</Filter>
    </ClCompile>
    <ClCompile Include="..\source\audiolib\MIDI.C">
      <Filter>Исходные файлы</Filter>
    </ClCompile>
    <ClCompile Include="..\source\audiolib\LL_MAN.C">
      <Filter>Исходные файлы</Filter>
    </ClCompile>
    <ClCompile Include="..\source\audiolib\AL_MIDI.C">
      <Filter>Исходные файлы</Filter>
    </ClCompile>
    <ClCompile Include="..\source\audiolib\DEBUGIO.C">
      <Filter>Исходные файлы</Filter>
    </ClCompile>
    <ClCompile Include="..\source\audiolib\MUSIC.C">
      <Filter>Исходные файлы</Filter>
    </ClCompile>
    <ClCompile Include="..\source\audiolib\USER.C">
      <Filter>Исходные файлы</Filter>
    </ClCompile>
    <ClCompile Include="..\source\audiolib\MPU401.C">
      <Filter>Исходные файлы</Filter>
    </ClCompile>
    <ClCompile Include="..\source\audiolib\GMTIMBRE.C">
      <Filter>Исходные файлы</Filter>
    </ClCompile>
    <ClCompile Include="..\source\audiolib\BLASTER.C">
      <Filter>Исходные файлы</Filter>
    </ClCompile>
    <ClCompile Include="..\source\audiolib\MULTIVOC.C">
      <Filter>Исходные файлы</Filter>
    </ClCompile>
    <ClCompile Include="..\source\audiolib\PITCH.C">
      <Filter>Исходные файлы</Filter>
    </ClCompile>
    <ClCompile Include="..\source\audiolib\mv_mix_asm.c">
      <Filter>Исходные файлы</Filter>
    </ClCompile>
    <ClCompile Include="..\source\audiolib\mv_mix16_asm.c">
      <Filter>Исходные файлы</Filter>
    </ClCompile>
    <ClCompile Include="..\source\audiolib\mvreverb_asm.c">
      <Filter>Исходные файлы</Filter>
    </ClCompile>
    <ClCompile Include="..\source\audiolib\FX_MAN.C">
      <Filter>Исходные файлы</Filter>
    </ClCompile>
  </ItemGroup>
  <ItemGroup>
    <ClInclude Include="..\source\audiolib\TASK_MAN.H">
      <Filter>Файлы заголовков</Filter>
    </ClInclude>
    <ClInclude Include="..\source\audiolib\LINKLIST.H">
      <Filter>Файлы заголовков</Filter>
    </ClInclude>
    <ClInclude Include="..\source\audiolib\USRHOOKS.H">
      <Filter>Файлы заголовков</Filter>
    </ClInclude>
    <ClInclude Include="..\source\audiolib\MIDI.H">
      <Filter>Файлы заголовков</Filter>
    </ClInclude>
    <ClInclude Include="..\source\audiolib\SNDCARDS.H">
      <Filter>Файлы заголовков</Filter>
    </ClInclude>
    <ClInclude Include="..\source\audiolib\STANDARD.H">
      <Filter>Файлы заголовков</Filter>
    </ClInclude>
    <ClInclude Include="..\source\audiolib\LL_MAN.H">
      <Filter>Файлы заголовков</Filter>
    </ClInclude>
    <ClInclude Include="..\source\audiolib\AL_MIDI.H">
      <Filter>Файлы заголовков</Filter>
    </ClInclude>
    <ClInclude Include="..\source\audiolib\_AL_MIDI.H">
      <Filter>Файлы заголовков</Filter>
    </ClInclude>
    <ClInclude Include="..\source\audiolib\DEBUGIO.H">
      <Filter>Файлы заголовков</Filter>
    </ClInclude>
    <ClInclude Include="..\source\audiolib\_MIDI.H">
      <Filter>Файлы заголовков</Filter>
    </ClInclude>
    <ClInclude Include="..\source\audiolib\BLASTER.H">
      <Filter>Файлы заголовков</Filter>
    </ClInclude>
    <ClInclude Include="..\source\audiolib\USER.H">
      <Filter>Файлы заголовков</Filter>
    </ClInclude>
    <ClInclude Include="..\source\audiolib\MPU401.H">
      <Filter>Файлы заголовков</Filter>
    </ClInclude>
    <ClInclude Include="..\source\audiolib\PITCH.H">
      <Filter>Файлы заголовков</Filter>
    </ClInclude>
    <ClInclude Include="..\source\audiolib\FX_MAN.H">
      <Filter>Файлы заголовков</Filter>
    </ClInclude>
  </ItemGroup>
</Project>