<?xml version="1.0" encoding="utf-8"?>
<Project ToolsVersion="4.0" xmlns="http://schemas.microsoft.com/developer/msbuild/2003">
  <ItemGroup>
    <Filter Include="Исходные файлы">
      <UniqueIdentifier>{4FC737F1-C7A5-4376-A066-2A32D752A2FF}</UniqueIdentifier>
      <Extensions>cpp;c;cc;cxx;c++;cppm;ixx;def;odl;idl;hpj;bat;asm;asmx</Extensions>
    </Filter>
    <Filter Include="Файлы заголовков">
      <UniqueIdentifier>{93995380-89BD-4b04-88EB-625FBE52EBFB}</UniqueIdentifier>
      <Extensions>h;hh;hpp;hxx;h++;hm;inl;inc;ipp;xsd</Extensions>
    </Filter>
    <Filter Include="Файлы ресурсов">
      <UniqueIdentifier>{67DA6AB6-F800-4c08-8B7A-83BB121AAD01}</UniqueIdentifier>
      <Extensions>rc;ico;cur;bmp;dlg;rc2;rct;bin;rgs;gif;jpg;jpeg;jpe;resx;tiff;tif;png;wav;mfcribbon-ms</Extensions>
    </Filter>
    <Filter Include="Исходные файлы\qtools">
      <UniqueIdentifier>{9751f96f-9df3-4c9a-af41-e89b9948782a}</UniqueIdentifier>
    </Filter>
    <Filter Include="Файлы заголовков\qtools">
      <UniqueIdentifier>{cb835104-deb0-4ea3-86c9-577cbb6ba70d}</UniqueIdentifier>
    </Filter>
  </ItemGroup>
  <ItemGroup>
    <ClCompile Include="..\source\blood\qtools\src\trig.cpp">
      <Filter>Исходные файлы\qtools</Filter>
    </ClCompile>
    <ClCompile Include="..\source\blood\qtools\src\resource.cpp">
      <Filter>Исходные файлы\qtools</Filter>
    </ClCompile>
    <ClCompile Include="..\source\blood\qtools\src\qheap.cpp">
      <Filter>Исходные файлы\qtools</Filter>
    </ClCompile>
    <ClCompile Include="..\source\blood\qtools\src\crc32_asm.c">
      <Filter>Исходные файлы\qtools</Filter>
    </ClCompile>
    <ClCompile Include="..\source\blood\qtools\src\error.cpp">
      <Filter>Исходные файлы\qtools</Filter>
    </ClCompile>
    <ClCompile Include="..\source\blood\qtools\src\getopt.cpp">
      <Filter>Исходные файлы\qtools</Filter>
    </ClCompile>
    <ClCompile Include="..\source\blood\qtools\src\debug4g.cpp">
      <Filter>Исходные файлы\qtools</Filter>
    </ClCompile>
    <ClCompile Include="..\source\blood\qtools\src\gfx.cpp">
      <Filter>Исходные файлы\qtools</Filter>
    </ClCompile>
    <ClCompile Include="..\source\blood\qtools\src\helix.cpp">
      <Filter>Исходные файлы\qtools</Filter>
    </ClCompile>
    <ClCompile Include="..\source\blood\qtools\src\inifile.cpp">
      <Filter>Исходные файлы\qtools</Filter>
    </ClCompile>
    <ClCompile Include="..\source\blood\qtools\src\iob.cpp">
      <Filter>Исходные файлы\qtools</Filter>
    </ClCompile>
    <ClCompile Include="..\source\blood\qtools\src\key.cpp">
      <Filter>Исходные файлы\qtools</Filter>
    </ClCompile>
    <ClCompile Include="..\source\blood\qtools\src\pqueue.cpp">
      <Filter>Исходные файлы\qtools</Filter>
    </ClCompile>
    <ClCompile Include="..\source\blood\qtools\src\misc.cpp">
      <Filter>Исходные файлы\qtools</Filter>
    </ClCompile>
    <ClCompile Include="..\source\blood\qtools\src\qmouse.cpp">
      <Filter>Исходные файлы\qtools</Filter>
    </ClCompile>
    <ClCompile Include="..\source\blood\qtools\src\textio.cpp">
      <Filter>Исходные файлы\qtools</Filter>
    </ClCompile>
    <ClCompile Include="..\source\blood\tile.cpp">
      <Filter>Исходные файлы</Filter>
    </ClCompile>
    <ClCompile Include="..\source\blood\gameutil.cpp">
      <Filter>Исходные файлы</Filter>
    </ClCompile>
    <ClCompile Include="..\source\blood\replace.cpp">
      <Filter>Исходные файлы</Filter>
    </ClCompile>
    <ClCompile Include="..\source\blood\screen.cpp">
      <Filter>Исходные файлы</Filter>
    </ClCompile>
    <ClCompile Include="..\source\blood\actor.cpp">
      <Filter>Исходные файлы</Filter>
    </ClCompile>
    <ClCompile Include="..\source\blood\weather.cpp">
      <Filter>Исходные файлы</Filter>
    </ClCompile>
    <ClCompile Include="..\source\blood\ai.cpp">
      <Filter>Исходные файлы</Filter>
    </ClCompile>
    <ClCompile Include="..\source\blood\aizombf.cpp">
      <Filter>Исходные файлы</Filter>
    </ClCompile>
    <ClCompile Include="..\source\blood\aibat.cpp">
      <Filter>Исходные файлы</Filter>
    </ClCompile>
    <ClCompile Include="..\source\blood\aibeast.cpp">
      <Filter>Исходные файлы</Filter>
    </ClCompile>
    <ClCompile Include="..\source\blood\aiboneel.cpp">
      <Filter>Исходные файлы</Filter>
    </ClCompile>
    <ClCompile Include="..\source\blood\aiburn.cpp">
      <Filter>Исходные файлы</Filter>
    </ClCompile>
    <ClCompile Include="..\source\blood\aicaleb.cpp">
      <Filter>Исходные файлы</Filter>
    </ClCompile>
    <ClCompile Include="..\source\blood\aicerber.cpp">
      <Filter>Исходные файлы</Filter>
    </ClCompile>
    <ClCompile Include="..\source\blood\aicult.cpp">
      <Filter>Исходные файлы</Filter>
    </ClCompile>
    <ClCompile Include="..\source\blood\aigarg.cpp">
      <Filter>Исходные файлы</Filter>
    </ClCompile>
    <ClCompile Include="..\source\blood\aighost.cpp">
      <Filter>Исходные файлы</Filter>
    </ClCompile>
    <ClCompile Include="..\source\blood\aigilbst.cpp">
      <Filter>Исходные файлы</Filter>
    </ClCompile>
    <ClCompile Include="..\source\blood\aihand.cpp">
      <Filter>Исходные файлы</Filter>
    </ClCompile>
    <ClCompile Include="..\source\blood\aihound.cpp">
      <Filter>Исходные файлы</Filter>
    </ClCompile>
    <ClCompile Include="..\source\blood\aiinnoc.cpp">
      <Filter>Исходные файлы</Filter>
    </ClCompile>
    <ClCompile Include="..\source\blood\aipod.cpp">
      <Filter>Исходные файлы</Filter>
    </ClCompile>
    <ClCompile Include="..\source\blood\airat.cpp">
      <Filter>Исходные файлы</Filter>
    </ClCompile>
    <ClCompile Include="..\source\blood\aispid.cpp">
      <Filter>Исходные файлы</Filter>
    </ClCompile>
    <ClCompile Include="..\source\blood\aitchern.cpp">
      <Filter>Исходные файлы</Filter>
    </ClCompile>
    <ClCompile Include="..\source\blood\aizomba.cpp">
      <Filter>Исходные файлы</Filter>
    </ClCompile>
    <ClCompile Include="..\source\blood\asound.cpp">
      <Filter>Исходные файлы</Filter>
    </ClCompile>
    <ClCompile Include="..\source\blood\callback.cpp">
      <Filter>Исходные файлы</Filter>
    </ClCompile>
    <ClCompile Include="..\source\blood\choke.cpp">
      <Filter>Исходные файлы</Filter>
    </ClCompile>
    <ClCompile Include="..\source\blood\config.cpp">
      <Filter>Исходные файлы</Filter>
    </ClCompile>
    <ClCompile Include="..\source\blood\controls.cpp">
      <Filter>Исходные файлы</Filter>
    </ClCompile>
    <ClCompile Include="..\source\blood\credits.cpp">
      <Filter>Исходные файлы</Filter>
    </ClCompile>
    <ClCompile Include="..\source\blood\db.cpp">
      <Filter>Исходные файлы</Filter>
    </ClCompile>
    <ClCompile Include="..\source\blood\demo.cpp">
      <Filter>Исходные файлы</Filter>
    </ClCompile>
    <ClCompile Include="..\source\blood\dude.cpp">
      <Filter>Исходные файлы</Filter>
    </ClCompile>
    <ClCompile Include="..\source\blood\endgame.cpp">
      <Filter>Исходные файлы</Filter>
    </ClCompile>
    <ClCompile Include="..\source\blood\eventq.cpp">
      <Filter>Исходные файлы</Filter>
    </ClCompile>
    <ClCompile Include="..\source\blood\fframe_asm.c">
      <Filter>Исходные файлы</Filter>
    </ClCompile>
    <ClCompile Include="..\source\blood\fire.cpp">
      <Filter>Исходные файлы</Filter>
    </ClCompile>
    <ClCompile Include="..\source\blood\fx.cpp">
      <Filter>Исходные файлы</Filter>
    </ClCompile>
    <ClCompile Include="..\source\blood\gamemenu.cpp">
      <Filter>Исходные файлы</Filter>
    </ClCompile>
    <ClCompile Include="..\source\blood\gib.cpp">
      <Filter>Исходные файлы</Filter>
    </ClCompile>
    <ClCompile Include="..\source\blood\globals.cpp">
      <Filter>Исходные файлы</Filter>
    </ClCompile>
    <ClCompile Include="..\source\blood\gui.cpp">
      <Filter>Исходные файлы</Filter>
    </ClCompile>
    <ClCompile Include="..\source\blood\levels.cpp">
      <Filter>Исходные файлы</Filter>
    </ClCompile>
    <ClCompile Include="..\source\blood\loadsave.cpp">
      <Filter>Исходные файлы</Filter>
    </ClCompile>
    <ClCompile Include="..\source\blood\map2d.cpp">
      <Filter>Исходные файлы</Filter>
    </ClCompile>
    <ClCompile Include="..\source\blood\menu.cpp">
      <Filter>Исходные файлы</Filter>
    </ClCompile>
    <ClCompile Include="..\source\blood\messages.cpp">
      <Filter>Исходные файлы</Filter>
    </ClCompile>
    <ClCompile Include="..\source\blood\mirrors.cpp">
      <Filter>Исходные файлы</Filter>
    </ClCompile>
    <ClCompile Include="..\source\blood\network.cpp">
      <Filter>Исходные файлы</Filter>
    </ClCompile>
    <ClCompile Include="..\source\blood\player.cpp">
      <Filter>Исходные файлы</Filter>
    </ClCompile>
    <ClCompile Include="..\source\blood\qav.cpp">
      <Filter>Исходные файлы</Filter>
    </ClCompile>
    <ClCompile Include="..\source\blood\satimer.cpp">
      <Filter>Исходные файлы</Filter>
    </ClCompile>
    <ClCompile Include="..\source\blood\sectorfx.cpp">
      <Filter>Исходные файлы</Filter>
    </ClCompile>
    <ClCompile Include="..\source\blood\seq.cpp">
      <Filter>Исходные файлы</Filter>
    </ClCompile>
    <ClCompile Include="..\source\blood\sfx.cpp">
      <Filter>Исходные файлы</Filter>
    </ClCompile>
    <ClCompile Include="..\source\blood\qsound.cpp">
      <Filter>Исходные файлы</Filter>
    </ClCompile>
    <ClCompile Include="..\source\blood\triggers.cpp">
      <Filter>Исходные файлы</Filter>
    </ClCompile>
    <ClCompile Include="..\source\blood\usrhooks.cpp">
      <Filter>Исходные файлы</Filter>
    </ClCompile>
    <ClCompile Include="..\source\blood\view.cpp">
      <Filter>Исходные файлы</Filter>
    </ClCompile>
    <ClCompile Include="..\source\blood\warp.cpp">
      <Filter>Исходные файлы</Filter>
    </ClCompile>
    <ClCompile Include="..\source\blood\weapon.cpp">
      <Filter>Исходные файлы</Filter>
    </ClCompile>
    <ClCompile Include="..\source\blood\smkplay.cpp">
      <Filter>Исходные файлы</Filter>
    </ClCompile>
    <ClCompile Include="..\source\blood\blood.cpp">
      <Filter>Исходные файлы</Filter>
    </ClCompile>
    <ClCompile Include="..\source\build\MMULTI.C">
      <Filter>Исходные файлы</Filter>
    </ClCompile>
    <ClCompile Include="..\source\blood\cdrom.cpp">
      <Filter>Исходные файлы</Filter>
    </ClCompile>
  </ItemGroup>
  <ItemGroup>
    <ClInclude Include="..\source\blood\qtools\include\crc32.h">
      <Filter>Файлы заголовков\qtools</Filter>
    </ClInclude>
    <ClInclude Include="..\source\blood\qtools\include\resource.h">
      <Filter>Файлы заголовков\qtools</Filter>
    </ClInclude>
    <ClInclude Include="..\source\blood\qtools\include\misc.h">
      <Filter>Файлы заголовков\qtools</Filter>
    </ClInclude>
    <ClInclude Include="..\source\blood\qtools\include\qheap.h">
      <Filter>Файлы заголовков\qtools</Filter>
    </ClInclude>
    <ClInclude Include="..\source\blood\qtools\include\trig.h">
      <Filter>Файлы заголовков\qtools</Filter>
    </ClInclude>
    <ClInclude Include="..\source\blood\qtools\include\typedefs.h">
      <Filter>Файлы заголовков\qtools</Filter>
    </ClInclude>
    <ClInclude Include="..\source\blood\qtools\include\gfx.h">
      <Filter>Файлы заголовков\qtools</Filter>
    </ClInclude>
    <ClInclude Include="..\source\blood\qtools\include\helix.h">
      <Filter>Файлы заголовков\qtools</Filter>
    </ClInclude>
    <ClInclude Include="..\source\blood\qtools\include\error.h">
      <Filter>Файлы заголовков\qtools</Filter>
    </ClInclude>
    <ClInclude Include="..\source\blood\qtools\include\getopt.h">
      <Filter>Файлы заголовков\qtools</Filter>
    </ClInclude>
    <ClInclude Include="..\source\blood\qtools\include\debug4g.h">
      <Filter>Файлы заголовков\qtools</Filter>
    </ClInclude>
    <ClInclude Include="..\source\blood\qtools\include\inifile.h">
      <Filter>Файлы заголовков\qtools</Filter>
    </ClInclude>
    <ClInclude Include="..\source\blood\qtools\include\iob.h">
      <Filter>Файлы заголовков\qtools</Filter>
    </ClInclude>
    <ClInclude Include="..\source\blood\qtools\include\key.h">
      <Filter>Файлы заголовков\qtools</Filter>
    </ClInclude>
    <ClInclude Include="..\source\blood\qtools\include\qmouse.h">
      <Filter>Файлы заголовков\qtools</Filter>
    </ClInclude>
    <ClInclude Include="..\source\blood\qtools\include\pqueue.h">
      <Filter>Файлы заголовков\qtools</Filter>
    </ClInclude>
    <ClInclude Include="..\source\blood\qtools\include\textio.h">
      <Filter>Файлы заголовков\qtools</Filter>
    </ClInclude>
    <ClInclude Include="..\source\blood\_functio.h">
      <Filter>Файлы заголовков</Filter>
    </ClInclude>
    <ClInclude Include="..\source\blood\actor.h">
      <Filter>Файлы заголовков</Filter>
    </ClInclude>
    <ClInclude Include="..\source\blood\ai.h">
      <Filter>Файлы заголовков</Filter>
    </ClInclude>
    <ClInclude Include="..\source\blood\aibat.h">
      <Filter>Файлы заголовков</Filter>
    </ClInclude>
    <ClInclude Include="..\source\blood\aibeast.h">
      <Filter>Файлы заголовков</Filter>
    </ClInclude>
    <ClInclude Include="..\source\blood\aiboneel.h">
      <Filter>Файлы заголовков</Filter>
    </ClInclude>
    <ClInclude Include="..\source\blood\aiburn.h">
      <Filter>Файлы заголовков</Filter>
    </ClInclude>
    <ClInclude Include="..\source\blood\aicaleb.h">
      <Filter>Файлы заголовков</Filter>
    </ClInclude>
    <ClInclude Include="..\source\blood\aicerber.h">
      <Filter>Файлы заголовков</Filter>
    </ClInclude>
    <ClInclude Include="..\source\blood\aicult.h">
      <Filter>Файлы заголовков</Filter>
    </ClInclude>
    <ClInclude Include="..\source\blood\aigarg.h">
      <Filter>Файлы заголовков</Filter>
    </ClInclude>
    <ClInclude Include="..\source\blood\aighost.h">
      <Filter>Файлы заголовков</Filter>
    </ClInclude>
    <ClInclude Include="..\source\blood\aigilbst.h">
      <Filter>Файлы заголовков</Filter>
    </ClInclude>
    <ClInclude Include="..\source\blood\aihand.h">
      <Filter>Файлы заголовков</Filter>
    </ClInclude>
    <ClInclude Include="..\source\blood\aihound.h">
      <Filter>Файлы заголовков</Filter>
    </ClInclude>
    <ClInclude Include="..\source\blood\aiinnoc.h">
      <Filter>Файлы заголовков</Filter>
    </ClInclude>
    <ClInclude Include="..\source\blood\aipod.h">
      <Filter>Файлы заголовков</Filter>
    </ClInclude>
    <ClInclude Include="..\source\blood\airat.h">
      <Filter>Файлы заголовков</Filter>
    </ClInclude>
    <ClInclude Include="..\source\blood\aispid.h">
      <Filter>Файлы заголовков</Filter>
    </ClInclude>
    <ClInclude Include="..\source\blood\aitchern.h">
      <Filter>Файлы заголовков</Filter>
    </ClInclude>
    <ClInclude Include="..\source\blood\aizomba.h">
      <Filter>Файлы заголовков</Filter>
    </ClInclude>
    <ClInclude Include="..\source\blood\aizombf.h">
      <Filter>Файлы заголовков</Filter>
    </ClInclude>
    <ClInclude Include="..\source\blood\asound.h">
      <Filter>Файлы заголовков</Filter>
    </ClInclude>
    <ClInclude Include="..\source\blood\callback.h">
      <Filter>Файлы заголовков</Filter>
    </ClInclude>
    <ClInclude Include="..\source\blood\cdrom.h">
      <Filter>Файлы заголовков</Filter>
    </ClInclude>
    <ClInclude Include="..\source\blood\choke.h">
      <Filter>Файлы заголовков</Filter>
    </ClInclude>
    <ClInclude Include="..\source\blood\config.h">
      <Filter>Файлы заголовков</Filter>
    </ClInclude>
    <ClInclude Include="..\source\blood\controls.h">
      <Filter>Файлы заголовков</Filter>
    </ClInclude>
    <ClInclude Include="..\source\blood\credits.h">
      <Filter>Файлы заголовков</Filter>
    </ClInclude>
    <ClInclude Include="..\source\blood\db.h">
      <Filter>Файлы заголовков</Filter>
    </ClInclude>
    <ClInclude Include="..\source\blood\demo.h">
      <Filter>Файлы заголовков</Filter>
    </ClInclude>
    <ClInclude Include="..\source\blood\dude.h">
      <Filter>Файлы заголовков</Filter>
    </ClInclude>
    <ClInclude Include="..\source\blood\endgame.h">
      <Filter>Файлы заголовков</Filter>
    </ClInclude>
    <ClInclude Include="..\source\blood\engine.h">
      <Filter>Файлы заголовков</Filter>
    </ClInclude>
    <ClInclude Include="..\source\blood\eventq.h">
      <Filter>Файлы заголовков</Filter>
    </ClInclude>
    <ClInclude Include="..\source\blood\fire.h">
      <Filter>Файлы заголовков</Filter>
    </ClInclude>
    <ClInclude Include="..\source\blood\function.h">
      <Filter>Файлы заголовков</Filter>
    </ClInclude>
    <ClInclude Include="..\source\blood\fx.h">
      <Filter>Файлы заголовков</Filter>
    </ClInclude>
    <ClInclude Include="..\source\blood\gamedefs.h">
      <Filter>Файлы заголовков</Filter>
    </ClInclude>
    <ClInclude Include="..\source\blood\gamemenu.h">
      <Filter>Файлы заголовков</Filter>
    </ClInclude>
    <ClInclude Include="..\source\blood\gameutil.h">
      <Filter>Файлы заголовков</Filter>
    </ClInclude>
    <ClInclude Include="..\source\blood\gib.h">
      <Filter>Файлы заголовков</Filter>
    </ClInclude>
    <ClInclude Include="..\source\blood\globals.h">
      <Filter>Файлы заголовков</Filter>
    </ClInclude>
    <ClInclude Include="..\source\blood\gui.h">
      <Filter>Файлы заголовков</Filter>
    </ClInclude>
    <ClInclude Include="..\source\blood\levels.h">
      <Filter>Файлы заголовков</Filter>
    </ClInclude>
    <ClInclude Include="..\source\blood\loadsave.h">
      <Filter>Файлы заголовков</Filter>
    </ClInclude>
    <ClInclude Include="..\source\blood\map2d.h">
      <Filter>Файлы заголовков</Filter>
    </ClInclude>
    <ClInclude Include="..\source\blood\menu.h">
      <Filter>Файлы заголовков</Filter>
    </ClInclude>
    <ClInclude Include="..\source\blood\messages.h">
      <Filter>Файлы заголовков</Filter>
    </ClInclude>
    <ClInclude Include="..\source\blood\mirrors.h">
      <Filter>Файлы заголовков</Filter>
    </ClInclude>
    <ClInclude Include="..\source\blood\network.h">
      <Filter>Файлы заголовков</Filter>
    </ClInclude>
    <ClInclude Include="..\source\blood\player.h">
      <Filter>Файлы заголовков</Filter>
    </ClInclude>
    <ClInclude Include="..\source\blood\qav.h">
      <Filter>Файлы заголовков</Filter>
    </ClInclude>
    <ClInclude Include="..\source\blood\satimer.h">
      <Filter>Файлы заголовков</Filter>
    </ClInclude>
    <ClInclude Include="..\source\blood\screen.h">
      <Filter>Файлы заголовков</Filter>
    </ClInclude>
    <ClInclude Include="..\source\blood\sectorfx.h">
      <Filter>Файлы заголовков</Filter>
    </ClInclude>
    <ClInclude Include="..\source\blood\seq.h">
      <Filter>Файлы заголовков</Filter>
    </ClInclude>
    <ClInclude Include="..\source\blood\sfx.h">
      <Filter>Файлы заголовков</Filter>
    </ClInclude>
    <ClInclude Include="..\source\blood\smkplay.h">
      <Filter>Файлы заголовков</Filter>
    </ClInclude>
    <ClInclude Include="..\source\blood\qsound.h">
      <Filter>Файлы заголовков</Filter>
    </ClInclude>
    <ClInclude Include="..\source\blood\tile.h">
      <Filter>Файлы заголовков</Filter>
    </ClInclude>
    <ClInclude Include="..\source\blood\triggers.h">
      <Filter>Файлы заголовков</Filter>
    </ClInclude>
    <ClInclude Include="..\source\blood\view.h">
      <Filter>Файлы заголовков</Filter>
    </ClInclude>
    <ClInclude Include="..\source\blood\warp.h">
      <Filter>Файлы заголовков</Filter>
    </ClInclude>
    <ClInclude Include="..\source\blood\weapon.h">
      <Filter>Файлы заголовков</Filter>
    </ClInclude>
    <ClInclude Include="..\source\blood\weather.h">
      <Filter>Файлы заголовков</Filter>
    </ClInclude>
  </ItemGroup>
</Project>