<?xml version="1.0" encoding="utf-8"?>
<Project ToolsVersion="4.0" xmlns="http://schemas.microsoft.com/developer/msbuild/2003">
  <ItemGroup>
    <Filter Include="Исходные файлы">
      <UniqueIdentifier>{4FC737F1-C7A5-4376-A066-2A32D752A2FF}</UniqueIdentifier>
      <Extensions>cpp;c;cc;cxx;c++;cppm;ixx;def;odl;idl;hpj;bat;asm;asmx</Extensions>
    </Filter>
    <Filter Include="Файлы заголовков">
      <UniqueIdentifier>{93995380-89BD-4b04-88EB-625FBE52EBFB}</UniqueIdentifier>
      <Extensions>h;hh;hpp;hxx;h++;hm;inl;inc;ipp;xsd</Extensions>
    </Filter>
    <Filter Include="Файлы ресурсов">
      <UniqueIdentifier>{67DA6AB6-F800-4c08-8B7A-83BB121AAD01}</UniqueIdentifier>
      <Extensions>rc;ico;cur;bmp;dlg;rc2;rct;bin;rgs;gif;jpg;jpeg;jpe;resx;tiff;tif;png;wav;mfcribbon-ms</Extensions>
    </Filter>
  </ItemGroup>
  <ItemGroup>
    <ClInclude Include="..\source\duke3d\FUNCT.H">
      <Filter>Файлы заголовков</Filter>
    </ClInclude>
    <ClInclude Include="..\source\duke3d\FUNCTION.H">
      <Filter>Файлы заголовков</Filter>
    </ClInclude>
    <ClInclude Include="..\source\duke3d\GAMEDEFS.H">
      <Filter>Файлы заголовков</Filter>
    </ClInclude>
    <ClInclude Include="..\source\duke3d\NAMES.H">
      <Filter>Файлы заголовков</Filter>
    </ClInclude>
    <ClInclude Include="..\source\duke3d\SOUNDEFS.H">
      <Filter>Файлы заголовков</Filter>
    </ClInclude>
    <ClInclude Include="..\source\duke3d\SOUNDS.H">
      <Filter>Файлы заголовков</Filter>
    </ClInclude>
    <ClInclude Include="..\source\duke3d\_FUNCTIO.H">
      <Filter>Файлы заголовков</Filter>
    </ClInclude>
    <ClInclude Include="..\source\duke3d\COMMON.H">
      <Filter>Файлы заголовков</Filter>
    </ClInclude>
    <ClInclude Include="..\source\duke3d\CONFIG.H">
      <Filter>Файлы заголовков</Filter>
    </ClInclude>
    <ClInclude Include="..\source\duke3d\DUKE3D.H">
      <Filter>Файлы заголовков</Filter>
    </ClInclude>
    <ClInclude Include="..\source\duke3d\_RTS.H">
      <Filter>Файлы заголовков</Filter>
    </ClInclude>
    <ClInclude Include="..\source\duke3d\RTS.H">
      <Filter>Файлы заголовков</Filter>
    </ClInclude>
  </ItemGroup>
  <ItemGroup>
    <ClCompile Include="..\source\duke3d\GAME.C">
      <Filter>Исходные файлы</Filter>
    </ClCompile>
    <ClCompile Include="..\source\duke3d\GAMEDEF.C">
      <Filter>Исходные файлы</Filter>
    </ClCompile>
    <ClCompile Include="..\source\duke3d\GLOBAL.C">
      <Filter>Исходные файлы</Filter>
    </ClCompile>
    <ClCompile Include="..\source\duke3d\MENUES.C">
      <Filter>Исходные файлы</Filter>
    </ClCompile>
    <ClCompile Include="..\source\duke3d\PLAYER.C">
      <Filter>Исходные файлы</Filter>
    </ClCompile>
    <ClCompile Include="..\source\duke3d\PREMAP.C">
      <Filter>Исходные файлы</Filter>
    </ClCompile>
    <ClCompile Include="..\source\duke3d\RTS.C">
      <Filter>Исходные файлы</Filter>
    </ClCompile>
    <ClCompile Include="..\source\duke3d\SECTOR.C">
      <Filter>Исходные файлы</Filter>
    </ClCompile>
    <ClCompile Include="..\source\duke3d\SOUNDS.C">
      <Filter>Исходные файлы</Filter>
    </ClCompile>
    <ClCompile Include="..\source\duke3d\ACTORS.C">
      <Filter>Исходные файлы</Filter>
    </ClCompile>
    <ClCompile Include="..\source\duke3d\CONFIG.C">
      <Filter>Исходные файлы</Filter>
    </ClCompile>
    <ClCompile Include="..\source\build\MMULTI.C">
      <Filter>Исходные файлы</Filter>
    </ClCompile>
  </ItemGroup>
</Project>